
Microsoft Visual Studio Solution File, Format Version 12.00
# Visual Studio 15
VisualStudioVersion = 15.0.28307.1267
MinimumVisualStudioVersion = 10.0.40219.1
Project("{FAE04EC0-301F-11D3-BF4B-00C04F79EFBC}") = "SoftwareProject", "SoftwareProject\SoftwareProject.csproj", "{EB5CA248-1536-4695-B0C6-927EF9FFABAB}"
EndProject
Global
	GlobalSection(SolutionConfigurationPlatforms) = preSolution
		Debug|Any CPU = Debug|Any CPU
		Release|Any CPU = Release|Any CPU
	EndGlobalSection
	GlobalSection(ProjectConfigurationPlatforms) = postSolution
		{EB5CA248-1536-4695-B0C6-927EF9FFABAB}.Debug|Any CPU.ActiveCfg = Debug|Any CPU
		{EB5CA248-1536-4695-B0C6-927EF9FFABAB}.Debug|Any CPU.Build.0 = Debug|Any CPU
		{EB5CA248-1536-4695-B0C6-927EF9FFABAB}.Release|Any CPU.ActiveCfg = Release|Any CPU
		{EB5CA248-1536-4695-B0C6-927EF9FFABAB}.Release|Any CPU.Build.0 = Release|Any CPU
	EndGlobalSection
	GlobalSection(SolutionProperties) = preSolution
		HideSolutionNode = FALSE
	EndGlobalSection
	GlobalSection(ExtensibilityGlobals) = postSolution
		SolutionGuid = {D020D0B2-20D4-4ACD-BF73-B1090E70A29D}
	EndGlobalSection
EndGlobal
